
Microsoft Visual Studio Solution File, Format Version 12.00
# Visual Studio Version 17
VisualStudioVersion = 17.3.32819.101
MinimumVisualStudioVersion = 10.0.40219.1
Project("{FAE04EC0-301F-11D3-BF4B-00C04F79EFBC}") = "TaskCrudService", "TaskCrudService\TaskCrudService.csproj", "{EA6DB311-C946-4116-AF20-1DC91BCB4773}"
EndProject
Global
	GlobalSection(SolutionConfigurationPlatforms) = preSolution
		Debug|Any CPU = Debug|Any CPU
		Release|Any CPU = Release|Any CPU
	EndGlobalSection
	GlobalSection(ProjectConfigurationPlatforms) = postSolution
		{EA6DB311-C946-4116-AF20-1DC91BCB4773}.Debug|Any CPU.ActiveCfg = Debug|Any CPU
		{EA6DB311-C946-4116-AF20-1DC91BCB4773}.Debug|Any CPU.Build.0 = Debug|Any CPU
		{EA6DB311-C946-4116-AF20-1DC91BCB4773}.Release|Any CPU.ActiveCfg = Release|Any CPU
		{EA6DB311-C946-4116-AF20-1DC91BCB4773}.Release|Any CPU.Build.0 = Release|Any CPU
	EndGlobalSection
	GlobalSection(SolutionProperties) = preSolution
		HideSolutionNode = FALSE
	EndGlobalSection
	GlobalSection(ExtensibilityGlobals) = postSolution
		SolutionGuid = {1E148C3C-8B89-4864-AE9F-553D7E97398E}
	EndGlobalSection
EndGlobal
