
Microsoft Visual Studio Solution File, Format Version 12.00
# Visual Studio Version 17
VisualStudioVersion = 17.3.32819.101
MinimumVisualStudioVersion = 10.0.40219.1
Project("{9A19103F-16F7-4668-BE54-9A1E7A4F7556}") = "TaskCrudService.Domain", "TaskCrudService.Domain\TaskCrudService.Domain.csproj", "{C06DA549-EA04-4612-B561-EFE2874B26FF}"
EndProject
Project("{9A19103F-16F7-4668-BE54-9A1E7A4F7556}") = "TaskCrudServiceApi", "TaskCrudServiceApi\TaskCrudServiceApi.csproj", "{B583596C-A50A-4C53-AD56-B89342FCF81E}"
EndProject
Project("{9A19103F-16F7-4668-BE54-9A1E7A4F7556}") = "TaskCrudService.Adapters.DataSource", "TaskCrudService.Adapters.DataSource\TaskCrudService.Adapters.DataSource.csproj", "{EBD2061B-5C19-4D8D-8390-672271C1EC10}"
EndProject
Project("{9A19103F-16F7-4668-BE54-9A1E7A4F7556}") = "TaskCrudService.Adapters.Output", "TaskCrudService.Adapters.Output\TaskCrudService.Adapters.Output.csproj", "{201A1F86-4ADC-4ACE-8727-D48831AF1A0C}"
EndProject
Project("{9A19103F-16F7-4668-BE54-9A1E7A4F7556}") = "TaskCrudService.Ports.Output", "TaskCrudService.Ports.Output\TaskCrudService.Ports.Output.csproj", "{F8734657-74E0-4AC4-854C-9C52C935BF88}"
EndProject
Project("{9A19103F-16F7-4668-BE54-9A1E7A4F7556}") = "TaskCrudService.Posts.DataSource", "TaskCrudService.Posts.DataSource\TaskCrudService.Posts.DataSource.csproj", "{6D0E2CA7-2628-4D4A-86B4-995AA6E5B74D}"
EndProject
Project("{FAE04EC0-301F-11D3-BF4B-00C04F79EFBC}") = "TaskCrudService.Tests", "TaskCrudService.Tests\TaskCrudService.Tests.csproj", "{D666411B-68FB-4397-BE17-206EA2AB338E}"
EndProject
Global
	GlobalSection(SolutionConfigurationPlatforms) = preSolution
		Debug|Any CPU = Debug|Any CPU
		Release|Any CPU = Release|Any CPU
	EndGlobalSection
	GlobalSection(ProjectConfigurationPlatforms) = postSolution
		{C06DA549-EA04-4612-B561-EFE2874B26FF}.Debug|Any CPU.ActiveCfg = Debug|Any CPU
		{C06DA549-EA04-4612-B561-EFE2874B26FF}.Debug|Any CPU.Build.0 = Debug|Any CPU
		{C06DA549-EA04-4612-B561-EFE2874B26FF}.Release|Any CPU.ActiveCfg = Release|Any CPU
		{C06DA549-EA04-4612-B561-EFE2874B26FF}.Release|Any CPU.Build.0 = Release|Any CPU
		{B583596C-A50A-4C53-AD56-B89342FCF81E}.Debug|Any CPU.ActiveCfg = Debug|Any CPU
		{B583596C-A50A-4C53-AD56-B89342FCF81E}.Debug|Any CPU.Build.0 = Debug|Any CPU
		{B583596C-A50A-4C53-AD56-B89342FCF81E}.Release|Any CPU.ActiveCfg = Release|Any CPU
		{B583596C-A50A-4C53-AD56-B89342FCF81E}.Release|Any CPU.Build.0 = Release|Any CPU
		{EBD2061B-5C19-4D8D-8390-672271C1EC10}.Debug|Any CPU.ActiveCfg = Debug|Any CPU
		{EBD2061B-5C19-4D8D-8390-672271C1EC10}.Debug|Any CPU.Build.0 = Debug|Any CPU
		{EBD2061B-5C19-4D8D-8390-672271C1EC10}.Release|Any CPU.ActiveCfg = Release|Any CPU
		{EBD2061B-5C19-4D8D-8390-672271C1EC10}.Release|Any CPU.Build.0 = Release|Any CPU
		{201A1F86-4ADC-4ACE-8727-D48831AF1A0C}.Debug|Any CPU.ActiveCfg = Debug|Any CPU
		{201A1F86-4ADC-4ACE-8727-D48831AF1A0C}.Debug|Any CPU.Build.0 = Debug|Any CPU
		{201A1F86-4ADC-4ACE-8727-D48831AF1A0C}.Release|Any CPU.ActiveCfg = Release|Any CPU
		{201A1F86-4ADC-4ACE-8727-D48831AF1A0C}.Release|Any CPU.Build.0 = Release|Any CPU
		{F8734657-74E0-4AC4-854C-9C52C935BF88}.Debug|Any CPU.ActiveCfg = Debug|Any CPU
		{F8734657-74E0-4AC4-854C-9C52C935BF88}.Debug|Any CPU.Build.0 = Debug|Any CPU
		{F8734657-74E0-4AC4-854C-9C52C935BF88}.Release|Any CPU.ActiveCfg = Release|Any CPU
		{F8734657-74E0-4AC4-854C-9C52C935BF88}.Release|Any CPU.Build.0 = Release|Any CPU
		{6D0E2CA7-2628-4D4A-86B4-995AA6E5B74D}.Debug|Any CPU.ActiveCfg = Debug|Any CPU
		{6D0E2CA7-2628-4D4A-86B4-995AA6E5B74D}.Debug|Any CPU.Build.0 = Debug|Any CPU
		{6D0E2CA7-2628-4D4A-86B4-995AA6E5B74D}.Release|Any CPU.ActiveCfg = Release|Any CPU
		{6D0E2CA7-2628-4D4A-86B4-995AA6E5B74D}.Release|Any CPU.Build.0 = Release|Any CPU
		{D666411B-68FB-4397-BE17-206EA2AB338E}.Debug|Any CPU.ActiveCfg = Debug|Any CPU
		{D666411B-68FB-4397-BE17-206EA2AB338E}.Debug|Any CPU.Build.0 = Debug|Any CPU
		{D666411B-68FB-4397-BE17-206EA2AB338E}.Release|Any CPU.ActiveCfg = Release|Any CPU
		{D666411B-68FB-4397-BE17-206EA2AB338E}.Release|Any CPU.Build.0 = Release|Any CPU
	EndGlobalSection
	GlobalSection(SolutionProperties) = preSolution
		HideSolutionNode = FALSE
	EndGlobalSection
	GlobalSection(ExtensibilityGlobals) = postSolution
		SolutionGuid = {1E148C3C-8B89-4864-AE9F-553D7E97398E}
	EndGlobalSection
EndGlobal
