
Microsoft Visual Studio Solution File, Format Version 12.00
# Visual Studio Version 17
VisualStudioVersion = 17.3.32819.101
MinimumVisualStudioVersion = 10.0.40219.1
Project("{9A19103F-16F7-4668-BE54-9A1E7A4F7556}") = "StructureService.Domain", "StructureService.Domain\StructureService.Domain.csproj", "{FACF0DE8-4FC2-456C-978C-FBE2E0ED83B3}"
EndProject
Project("{9A19103F-16F7-4668-BE54-9A1E7A4F7556}") = "StructureService.Domain.Services", "StructureService.Domain.Services\StructureService.Domain.Services.csproj", "{285191B9-9D02-4B67-B828-CF9C56DE4AE3}"
EndProject
Project("{9A19103F-16F7-4668-BE54-9A1E7A4F7556}") = "StructureService.Application.Services", "StructureService.Application.Services\StructureService.Application.Services.csproj", "{F053214A-0DAC-4DFA-A75A-16B106E7A691}"
EndProject
Project("{9A19103F-16F7-4668-BE54-9A1E7A4F7556}") = "StructureServiceApi", "StructureServiceApi\StructureServiceApi.csproj", "{A030BF59-35B1-47CD-BFC4-B9953BD016D6}"
EndProject
Project("{9A19103F-16F7-4668-BE54-9A1E7A4F7556}") = "StructureService.Infrastructure.DataBase", "StructureService.Infrastructure.DataBase\StructureService.Infrastructure.DataBase.csproj", "{317806BC-BBEA-4073-89F4-C43D887867EB}"
EndProject
Project("{9A19103F-16F7-4668-BE54-9A1E7A4F7556}") = "StructureService.Infrastructure.Services", "StructureService.Infrastructure.Services\StructureService.Infrastructure.Services.csproj", "{352B7FB6-D685-44D6-8577-63DB4938F946}"
EndProject
Global
	GlobalSection(SolutionConfigurationPlatforms) = preSolution
		Debug|Any CPU = Debug|Any CPU
		Release|Any CPU = Release|Any CPU
	EndGlobalSection
	GlobalSection(ProjectConfigurationPlatforms) = postSolution
		{FACF0DE8-4FC2-456C-978C-FBE2E0ED83B3}.Debug|Any CPU.ActiveCfg = Debug|Any CPU
		{FACF0DE8-4FC2-456C-978C-FBE2E0ED83B3}.Debug|Any CPU.Build.0 = Debug|Any CPU
		{FACF0DE8-4FC2-456C-978C-FBE2E0ED83B3}.Release|Any CPU.ActiveCfg = Release|Any CPU
		{FACF0DE8-4FC2-456C-978C-FBE2E0ED83B3}.Release|Any CPU.Build.0 = Release|Any CPU
		{285191B9-9D02-4B67-B828-CF9C56DE4AE3}.Debug|Any CPU.ActiveCfg = Debug|Any CPU
		{285191B9-9D02-4B67-B828-CF9C56DE4AE3}.Debug|Any CPU.Build.0 = Debug|Any CPU
		{285191B9-9D02-4B67-B828-CF9C56DE4AE3}.Release|Any CPU.ActiveCfg = Release|Any CPU
		{285191B9-9D02-4B67-B828-CF9C56DE4AE3}.Release|Any CPU.Build.0 = Release|Any CPU
		{F053214A-0DAC-4DFA-A75A-16B106E7A691}.Debug|Any CPU.ActiveCfg = Debug|Any CPU
		{F053214A-0DAC-4DFA-A75A-16B106E7A691}.Debug|Any CPU.Build.0 = Debug|Any CPU
		{F053214A-0DAC-4DFA-A75A-16B106E7A691}.Release|Any CPU.ActiveCfg = Release|Any CPU
		{F053214A-0DAC-4DFA-A75A-16B106E7A691}.Release|Any CPU.Build.0 = Release|Any CPU
		{A030BF59-35B1-47CD-BFC4-B9953BD016D6}.Debug|Any CPU.ActiveCfg = Debug|Any CPU
		{A030BF59-35B1-47CD-BFC4-B9953BD016D6}.Debug|Any CPU.Build.0 = Debug|Any CPU
		{A030BF59-35B1-47CD-BFC4-B9953BD016D6}.Release|Any CPU.ActiveCfg = Release|Any CPU
		{A030BF59-35B1-47CD-BFC4-B9953BD016D6}.Release|Any CPU.Build.0 = Release|Any CPU
		{317806BC-BBEA-4073-89F4-C43D887867EB}.Debug|Any CPU.ActiveCfg = Debug|Any CPU
		{317806BC-BBEA-4073-89F4-C43D887867EB}.Debug|Any CPU.Build.0 = Debug|Any CPU
		{317806BC-BBEA-4073-89F4-C43D887867EB}.Release|Any CPU.ActiveCfg = Release|Any CPU
		{317806BC-BBEA-4073-89F4-C43D887867EB}.Release|Any CPU.Build.0 = Release|Any CPU
		{352B7FB6-D685-44D6-8577-63DB4938F946}.Debug|Any CPU.ActiveCfg = Debug|Any CPU
		{352B7FB6-D685-44D6-8577-63DB4938F946}.Debug|Any CPU.Build.0 = Debug|Any CPU
		{352B7FB6-D685-44D6-8577-63DB4938F946}.Release|Any CPU.ActiveCfg = Release|Any CPU
		{352B7FB6-D685-44D6-8577-63DB4938F946}.Release|Any CPU.Build.0 = Release|Any CPU
	EndGlobalSection
	GlobalSection(SolutionProperties) = preSolution
		HideSolutionNode = FALSE
	EndGlobalSection
	GlobalSection(ExtensibilityGlobals) = postSolution
		SolutionGuid = {A5BA8F46-B840-40D9-9A54-AB0A8ED54033}
	EndGlobalSection
EndGlobal
