
Microsoft Visual Studio Solution File, Format Version 12.00
# Visual Studio Version 17
VisualStudioVersion = 17.3.32819.101
MinimumVisualStudioVersion = 10.0.40219.1
Project("{9A19103F-16F7-4668-BE54-9A1E7A4F7556}") = "DocumentCrudServiceApi", "DocumentCrudServiceApi\DocumentCrudServiceApi.csproj", "{A5ECEF52-40AE-4F49-B132-8680DFDE0072}"
EndProject
Project("{9A19103F-16F7-4668-BE54-9A1E7A4F7556}") = "DocumentCrudService.Cqrs", "DocumentCrudService.Cqrs\DocumentCrudService.Cqrs.csproj", "{01EE3550-6AD8-494A-821A-CF1BF09ECC74}"
EndProject
Project("{9A19103F-16F7-4668-BE54-9A1E7A4F7556}") = "DocumentCrudService.Repositories", "DocumentCrudService.Repositories\DocumentCrudService.Repositories.csproj", "{B540B3F8-C033-4A9B-801C-FA8FE72A3923}"
EndProject
Project("{9A19103F-16F7-4668-BE54-9A1E7A4F7556}") = "DocumentCrudService.Repositories.Realisation", "DocumentCrudService.Repositories.Realisation\DocumentCrudService.Repositories.Realisation.csproj", "{5B89D3CB-DEAD-4672-9D85-EFC51FACBC45}"
EndProject
Project("{9A19103F-16F7-4668-BE54-9A1E7A4F7556}") = "DocumentCrudService.Cqrs.Realisation", "DocumentCrudService.Cqrs.Realisation\DocumentCrudService.Cqrs.Realisation.csproj", "{8F95B2E5-2211-4942-902D-72170F0CA683}"
EndProject
Project("{FAE04EC0-301F-11D3-BF4B-00C04F79EFBC}") = "DocumentCrudService.Tests", "DocumentCrudService.Tests\DocumentCrudService.Tests.csproj", "{55581A3B-AD1F-4B88-9783-4D59823A0FCB}"
EndProject
Global
	GlobalSection(SolutionConfigurationPlatforms) = preSolution
		Debug|Any CPU = Debug|Any CPU
		Release|Any CPU = Release|Any CPU
	EndGlobalSection
	GlobalSection(ProjectConfigurationPlatforms) = postSolution
		{A5ECEF52-40AE-4F49-B132-8680DFDE0072}.Debug|Any CPU.ActiveCfg = Debug|Any CPU
		{A5ECEF52-40AE-4F49-B132-8680DFDE0072}.Debug|Any CPU.Build.0 = Debug|Any CPU
		{A5ECEF52-40AE-4F49-B132-8680DFDE0072}.Release|Any CPU.ActiveCfg = Release|Any CPU
		{A5ECEF52-40AE-4F49-B132-8680DFDE0072}.Release|Any CPU.Build.0 = Release|Any CPU
		{01EE3550-6AD8-494A-821A-CF1BF09ECC74}.Debug|Any CPU.ActiveCfg = Debug|Any CPU
		{01EE3550-6AD8-494A-821A-CF1BF09ECC74}.Debug|Any CPU.Build.0 = Debug|Any CPU
		{01EE3550-6AD8-494A-821A-CF1BF09ECC74}.Release|Any CPU.ActiveCfg = Release|Any CPU
		{01EE3550-6AD8-494A-821A-CF1BF09ECC74}.Release|Any CPU.Build.0 = Release|Any CPU
		{B540B3F8-C033-4A9B-801C-FA8FE72A3923}.Debug|Any CPU.ActiveCfg = Debug|Any CPU
		{B540B3F8-C033-4A9B-801C-FA8FE72A3923}.Debug|Any CPU.Build.0 = Debug|Any CPU
		{B540B3F8-C033-4A9B-801C-FA8FE72A3923}.Release|Any CPU.ActiveCfg = Release|Any CPU
		{B540B3F8-C033-4A9B-801C-FA8FE72A3923}.Release|Any CPU.Build.0 = Release|Any CPU
		{5B89D3CB-DEAD-4672-9D85-EFC51FACBC45}.Debug|Any CPU.ActiveCfg = Debug|Any CPU
		{5B89D3CB-DEAD-4672-9D85-EFC51FACBC45}.Debug|Any CPU.Build.0 = Debug|Any CPU
		{5B89D3CB-DEAD-4672-9D85-EFC51FACBC45}.Release|Any CPU.ActiveCfg = Release|Any CPU
		{5B89D3CB-DEAD-4672-9D85-EFC51FACBC45}.Release|Any CPU.Build.0 = Release|Any CPU
		{8F95B2E5-2211-4942-902D-72170F0CA683}.Debug|Any CPU.ActiveCfg = Debug|Any CPU
		{8F95B2E5-2211-4942-902D-72170F0CA683}.Debug|Any CPU.Build.0 = Debug|Any CPU
		{8F95B2E5-2211-4942-902D-72170F0CA683}.Release|Any CPU.ActiveCfg = Release|Any CPU
		{8F95B2E5-2211-4942-902D-72170F0CA683}.Release|Any CPU.Build.0 = Release|Any CPU
		{55581A3B-AD1F-4B88-9783-4D59823A0FCB}.Debug|Any CPU.ActiveCfg = Debug|Any CPU
		{55581A3B-AD1F-4B88-9783-4D59823A0FCB}.Debug|Any CPU.Build.0 = Debug|Any CPU
		{55581A3B-AD1F-4B88-9783-4D59823A0FCB}.Release|Any CPU.ActiveCfg = Release|Any CPU
		{55581A3B-AD1F-4B88-9783-4D59823A0FCB}.Release|Any CPU.Build.0 = Release|Any CPU
	EndGlobalSection
	GlobalSection(SolutionProperties) = preSolution
		HideSolutionNode = FALSE
	EndGlobalSection
	GlobalSection(ExtensibilityGlobals) = postSolution
		SolutionGuid = {CFBC96FD-AF4F-4D73-BDE7-D5803BD7F618}
	EndGlobalSection
EndGlobal
